<?xml version="1.0" encoding="utf-8"?>
<Project ToolsVersion="17.0" xmlns="http://schemas.microsoft.com/developer/msbuild/2003">
  <ItemGroup>
    <ClCompile Include="D:\Code\SourceCode\Project\zk-snark-X-Steganography\VideoLevel\native\src\live.cpp">
      <Filter>Source Files</Filter>
    </ClCompile>
  </ItemGroup>
  <ItemGroup>
    <CustomBuild Include="D:\Code\SourceCode\Project\zk-snark-X-Steganography\VideoLevel\native\CMakeLists.txt" />
  </ItemGroup>
  <ItemGroup>
    <Filter Include="Source Files">
      <UniqueIdentifier>{FE1A69F5-6436-3326-97C4-FCDFF8672AEE}</UniqueIdentifier>
    </Filter>
  </ItemGroup>
</Project>
